
Microsoft Visual Studio Solution File, Format Version 12.00
# Visual Studio Version 17
VisualStudioVersion = 17.3.32929.385
MinimumVisualStudioVersion = 10.0.40219.1
Project("{FAE04EC0-301F-11D3-BF4B-00C04F79EFBC}") = "SyncAsyncCompareApp", "SyncAsyncCompareApp\SyncAsyncCompareApp.csproj", "{15ED2F68-9E5F-4ED9-A23F-3CBB8FD416F4}"
EndProject
Global
	GlobalSection(SolutionConfigurationPlatforms) = preSolution
		Debug|Any CPU = Debug|Any CPU
		Release|Any CPU = Release|Any CPU
	EndGlobalSection
	GlobalSection(ProjectConfigurationPlatforms) = postSolution
		{15ED2F68-9E5F-4ED9-A23F-3CBB8FD416F4}.Debug|Any CPU.ActiveCfg = Debug|Any CPU
		{15ED2F68-9E5F-4ED9-A23F-3CBB8FD416F4}.Debug|Any CPU.Build.0 = Debug|Any CPU
		{15ED2F68-9E5F-4ED9-A23F-3CBB8FD416F4}.Release|Any CPU.ActiveCfg = Release|Any CPU
		{15ED2F68-9E5F-4ED9-A23F-3CBB8FD416F4}.Release|Any CPU.Build.0 = Release|Any CPU
	EndGlobalSection
	GlobalSection(SolutionProperties) = preSolution
		HideSolutionNode = FALSE
	EndGlobalSection
	GlobalSection(ExtensibilityGlobals) = postSolution
		SolutionGuid = {584229E7-C9BC-4B0D-BF6C-3E289BA0E4F1}
	EndGlobalSection
EndGlobal
